
Microsoft Visual Studio Solution File, Format Version 12.00
# Visual Studio 15
Project("{FAE04EC0-301F-11D3-BF4B-00C04F79EFBC}") = "zhaunghzi2", "zhaunghzi2.csproj", "{2790DF94-F5A2-C3CA-A878-C1FC05034B51}"
EndProject
Project("{FAE04EC0-301F-11D3-BF4B-00C04F79EFBC}") = "zhaunghzi2.Editor", "zhaunghzi2.Editor.csproj", "{885718C8-74D4-C69F-10EA-432731049A07}"
EndProject
Global
	GlobalSection(SolutionConfigurationPlatforms) = preSolution
		Debug|Any CPU = Debug|Any CPU
		Release|Any CPU = Release|Any CPU
	EndGlobalSection
	GlobalSection(ProjectConfigurationPlatforms) = postSolution
		{2790DF94-F5A2-C3CA-A878-C1FC05034B51}.Debug|Any CPU.ActiveCfg = Debug|Any CPU
		{2790DF94-F5A2-C3CA-A878-C1FC05034B51}.Debug|Any CPU.Build.0 = Debug|Any CPU
		{2790DF94-F5A2-C3CA-A878-C1FC05034B51}.Release|Any CPU.ActiveCfg = Release|Any CPU
		{2790DF94-F5A2-C3CA-A878-C1FC05034B51}.Release|Any CPU.Build.0 = Release|Any CPU
		{885718C8-74D4-C69F-10EA-432731049A07}.Debug|Any CPU.ActiveCfg = Debug|Any CPU
		{885718C8-74D4-C69F-10EA-432731049A07}.Debug|Any CPU.Build.0 = Debug|Any CPU
		{885718C8-74D4-C69F-10EA-432731049A07}.Release|Any CPU.ActiveCfg = Release|Any CPU
		{885718C8-74D4-C69F-10EA-432731049A07}.Release|Any CPU.Build.0 = Release|Any CPU
	EndGlobalSection
	GlobalSection(SolutionProperties) = preSolution
		HideSolutionNode = FALSE
	EndGlobalSection
EndGlobal
